
Microsoft Visual Studio Solution File, Format Version 12.00
# Visual Studio Version 16
VisualStudioVersion = 16.0.31019.35
MinimumVisualStudioVersion = 10.0.40219.1
Project("{9A19103F-16F7-4668-BE54-9A1E7A4F7556}") = "CryptoAPI", "CryptoAPI\CryptoAPI.csproj", "{26AE9169-F002-476C-A72E-A509C1ECEEE5}"
EndProject
Project("{E53339B2-1760-4266-BCC7-CA923CBCF16C}") = "docker-compose", "docker-compose.dcproj", "{943429CA-78D7-4F99-9B74-6CA4C9B69065}"
EndProject
Project("{FAE04EC0-301F-11D3-BF4B-00C04F79EFBC}") = "IntegrationTestsEnd", "..\IntegrationTestsEnd\IntegrationTestsEnd.csproj", "{32B94FF0-9CF0-4B81-90F8-FE4960D542DB}"
EndProject
Global
	GlobalSection(SolutionConfigurationPlatforms) = preSolution
		Debug|Any CPU = Debug|Any CPU
		Release|Any CPU = Release|Any CPU
	EndGlobalSection
	GlobalSection(ProjectConfigurationPlatforms) = postSolution
		{26AE9169-F002-476C-A72E-A509C1ECEEE5}.Debug|Any CPU.ActiveCfg = Debug|Any CPU
		{26AE9169-F002-476C-A72E-A509C1ECEEE5}.Debug|Any CPU.Build.0 = Debug|Any CPU
		{26AE9169-F002-476C-A72E-A509C1ECEEE5}.Release|Any CPU.ActiveCfg = Release|Any CPU
		{26AE9169-F002-476C-A72E-A509C1ECEEE5}.Release|Any CPU.Build.0 = Release|Any CPU
		{943429CA-78D7-4F99-9B74-6CA4C9B69065}.Debug|Any CPU.ActiveCfg = Debug|Any CPU
		{943429CA-78D7-4F99-9B74-6CA4C9B69065}.Debug|Any CPU.Build.0 = Debug|Any CPU
		{943429CA-78D7-4F99-9B74-6CA4C9B69065}.Release|Any CPU.ActiveCfg = Release|Any CPU
		{943429CA-78D7-4F99-9B74-6CA4C9B69065}.Release|Any CPU.Build.0 = Release|Any CPU
		{32B94FF0-9CF0-4B81-90F8-FE4960D542DB}.Debug|Any CPU.ActiveCfg = Debug|Any CPU
		{32B94FF0-9CF0-4B81-90F8-FE4960D542DB}.Debug|Any CPU.Build.0 = Debug|Any CPU
		{32B94FF0-9CF0-4B81-90F8-FE4960D542DB}.Release|Any CPU.ActiveCfg = Release|Any CPU
		{32B94FF0-9CF0-4B81-90F8-FE4960D542DB}.Release|Any CPU.Build.0 = Release|Any CPU
	EndGlobalSection
	GlobalSection(SolutionProperties) = preSolution
		HideSolutionNode = FALSE
	EndGlobalSection
	GlobalSection(ExtensibilityGlobals) = postSolution
		SolutionGuid = {04B1882F-12DE-4BD4-93DA-FDB4C4CCAFDD}
	EndGlobalSection
EndGlobal
