
Microsoft Visual Studio Solution File, Format Version 12.00
# Visual Studio Version 16
VisualStudioVersion = 16.0.31019.35
MinimumVisualStudioVersion = 10.0.40219.1
Project("{9A19103F-16F7-4668-BE54-9A1E7A4F7556}") = "CryptoAPI", "CryptoAPI\CryptoAPI.csproj", "{26AE9169-F002-476C-A72E-A509C1ECEEE5}"
EndProject
Project("{FAE04EC0-301F-11D3-BF4B-00C04F79EFBC}") = "IntegrationTests", "IntegrationTests\IntegrationTests.csproj", "{77B0D7F3-A6F4-461B-BE12-10992AF7DD24}"
EndProject
Global
	GlobalSection(SolutionConfigurationPlatforms) = preSolution
		Debug|Any CPU = Debug|Any CPU
		Release|Any CPU = Release|Any CPU
	EndGlobalSection
	GlobalSection(ProjectConfigurationPlatforms) = postSolution
		{26AE9169-F002-476C-A72E-A509C1ECEEE5}.Debug|Any CPU.ActiveCfg = Debug|Any CPU
		{26AE9169-F002-476C-A72E-A509C1ECEEE5}.Debug|Any CPU.Build.0 = Debug|Any CPU
		{26AE9169-F002-476C-A72E-A509C1ECEEE5}.Release|Any CPU.ActiveCfg = Release|Any CPU
		{26AE9169-F002-476C-A72E-A509C1ECEEE5}.Release|Any CPU.Build.0 = Release|Any CPU
		{77B0D7F3-A6F4-461B-BE12-10992AF7DD24}.Debug|Any CPU.ActiveCfg = Debug|Any CPU
		{77B0D7F3-A6F4-461B-BE12-10992AF7DD24}.Debug|Any CPU.Build.0 = Debug|Any CPU
		{77B0D7F3-A6F4-461B-BE12-10992AF7DD24}.Release|Any CPU.ActiveCfg = Release|Any CPU
		{77B0D7F3-A6F4-461B-BE12-10992AF7DD24}.Release|Any CPU.Build.0 = Release|Any CPU
	EndGlobalSection
	GlobalSection(SolutionProperties) = preSolution
		HideSolutionNode = FALSE
	EndGlobalSection
	GlobalSection(ExtensibilityGlobals) = postSolution
		SolutionGuid = {04B1882F-12DE-4BD4-93DA-FDB4C4CCAFDD}
	EndGlobalSection
EndGlobal
